
Microsoft Visual Studio Solution File, Format Version 12.00
# Visual Studio 15
VisualStudioVersion = 15.0.27130.2024
MinimumVisualStudioVersion = 10.0.40219.1
Project("{FAE04EC0-301F-11D3-BF4B-00C04F79EFBC}") = "Pendaftaran_Tenant", "Pendaftaran_Tenant\Pendaftaran_Tenant.csproj", "{9564FE1C-E018-44BD-AD26-6E0E0E1D3A46}"
EndProject
Global
	GlobalSection(SolutionConfigurationPlatforms) = preSolution
		Debug|Any CPU = Debug|Any CPU
		Release|Any CPU = Release|Any CPU
	EndGlobalSection
	GlobalSection(ProjectConfigurationPlatforms) = postSolution
		{9564FE1C-E018-44BD-AD26-6E0E0E1D3A46}.Debug|Any CPU.ActiveCfg = Debug|Any CPU
		{9564FE1C-E018-44BD-AD26-6E0E0E1D3A46}.Debug|Any CPU.Build.0 = Debug|Any CPU
		{9564FE1C-E018-44BD-AD26-6E0E0E1D3A46}.Release|Any CPU.ActiveCfg = Release|Any CPU
		{9564FE1C-E018-44BD-AD26-6E0E0E1D3A46}.Release|Any CPU.Build.0 = Release|Any CPU
	EndGlobalSection
	GlobalSection(SolutionProperties) = preSolution
		HideSolutionNode = FALSE
	EndGlobalSection
	GlobalSection(ExtensibilityGlobals) = postSolution
		SolutionGuid = {9644D510-AB2C-4A74-84C1-1607EC5C7BFC}
	EndGlobalSection
EndGlobal
